
Microsoft Visual Studio Solution File, Format Version 12.00
# Visual Studio Version 17
VisualStudioVersion = 17.0.32002.185
MinimumVisualStudioVersion = 10.0.40219.1
Project("{9A19103F-16F7-4668-BE54-9A1E7A4F7556}") = "GerenciamentoTarefas", "GerenciamentoTarefas.csproj", "{D7E56535-E7D7-4775-86A4-B8E2664B3A26}"
EndProject
Project("{FAE04EC0-301F-11D3-BF4B-00C04F79EFBC}") = "GerenciamentoTarefas.BDDTests", "..\GerenciamentoTarefas.BDDTests\GerenciamentoTarefas.BDDTests.csproj", "{9166E8B0-AA95-4CB1-9F9F-EBB3919E2330}"
EndProject
Global
	GlobalSection(SolutionConfigurationPlatforms) = preSolution
		Debug|Any CPU = Debug|Any CPU
		Release|Any CPU = Release|Any CPU
	EndGlobalSection
	GlobalSection(ProjectConfigurationPlatforms) = postSolution
		{D7E56535-E7D7-4775-86A4-B8E2664B3A26}.Debug|Any CPU.ActiveCfg = Debug|Any CPU
		{D7E56535-E7D7-4775-86A4-B8E2664B3A26}.Debug|Any CPU.Build.0 = Debug|Any CPU
		{D7E56535-E7D7-4775-86A4-B8E2664B3A26}.Release|Any CPU.ActiveCfg = Release|Any CPU
		{D7E56535-E7D7-4775-86A4-B8E2664B3A26}.Release|Any CPU.Build.0 = Release|Any CPU
		{9166E8B0-AA95-4CB1-9F9F-EBB3919E2330}.Debug|Any CPU.ActiveCfg = Debug|Any CPU
		{9166E8B0-AA95-4CB1-9F9F-EBB3919E2330}.Debug|Any CPU.Build.0 = Debug|Any CPU
		{9166E8B0-AA95-4CB1-9F9F-EBB3919E2330}.Release|Any CPU.ActiveCfg = Release|Any CPU
		{9166E8B0-AA95-4CB1-9F9F-EBB3919E2330}.Release|Any CPU.Build.0 = Release|Any CPU
	EndGlobalSection
	GlobalSection(SolutionProperties) = preSolution
		HideSolutionNode = FALSE
	EndGlobalSection
	GlobalSection(ExtensibilityGlobals) = postSolution
		SolutionGuid = {9D360DF1-6AAE-4C7A-9D93-4A4E23D75AB1}
	EndGlobalSection
EndGlobal
